
Microsoft Visual Studio Solution File, Format Version 12.00
# Visual Studio Version 17
VisualStudioVersion = 17.1.32228.430
MinimumVisualStudioVersion = 10.0.40219.1
Project("{FAE04EC0-301F-11D3-BF4B-00C04F79EFBC}") = "WebAppSample", "WebAppSample\WebAppSample.csproj", "{5840411D-AA2F-447B-9F39-0CEF644C0FE8}"
EndProject
Global
	GlobalSection(SolutionConfigurationPlatforms) = preSolution
		Debug|Any CPU = Debug|Any CPU
		Release|Any CPU = Release|Any CPU
	EndGlobalSection
	GlobalSection(ProjectConfigurationPlatforms) = postSolution
		{5840411D-AA2F-447B-9F39-0CEF644C0FE8}.Debug|Any CPU.ActiveCfg = Debug|Any CPU
		{5840411D-AA2F-447B-9F39-0CEF644C0FE8}.Debug|Any CPU.Build.0 = Debug|Any CPU
		{5840411D-AA2F-447B-9F39-0CEF644C0FE8}.Release|Any CPU.ActiveCfg = Release|Any CPU
		{5840411D-AA2F-447B-9F39-0CEF644C0FE8}.Release|Any CPU.Build.0 = Release|Any CPU
	EndGlobalSection
	GlobalSection(SolutionProperties) = preSolution
		HideSolutionNode = FALSE
	EndGlobalSection
	GlobalSection(ExtensibilityGlobals) = postSolution
		SolutionGuid = {1D554E8E-39A8-4832-8054-B668F3DCC29A}
	EndGlobalSection
EndGlobal
